
Microsoft Visual Studio Solution File, Format Version 12.00
# Visual Studio Version 17
VisualStudioVersion = 17.13.35818.85 d17.13
MinimumVisualStudioVersion = 10.0.40219.1
Project("{FAE04EC0-301F-11D3-BF4B-00C04F79EFBC}") = "modul6_103022300087", "modul6_103022300087\modul6_103022300087.csproj", "{3049B4F6-D296-45F8-AA57-E4B9C084880B}"
EndProject
Global
	GlobalSection(SolutionConfigurationPlatforms) = preSolution
		Debug|Any CPU = Debug|Any CPU
		Release|Any CPU = Release|Any CPU
	EndGlobalSection
	GlobalSection(ProjectConfigurationPlatforms) = postSolution
		{3049B4F6-D296-45F8-AA57-E4B9C084880B}.Debug|Any CPU.ActiveCfg = Debug|Any CPU
		{3049B4F6-D296-45F8-AA57-E4B9C084880B}.Debug|Any CPU.Build.0 = Debug|Any CPU
		{3049B4F6-D296-45F8-AA57-E4B9C084880B}.Release|Any CPU.ActiveCfg = Release|Any CPU
		{3049B4F6-D296-45F8-AA57-E4B9C084880B}.Release|Any CPU.Build.0 = Release|Any CPU
	EndGlobalSection
	GlobalSection(SolutionProperties) = preSolution
		HideSolutionNode = FALSE
	EndGlobalSection
	GlobalSection(ExtensibilityGlobals) = postSolution
		SolutionGuid = {39186761-2A6F-4417-B82D-64A39656595B}
	EndGlobalSection
EndGlobal
